<Solution>
  <Project Path="CalculadoraCustos.API/CalculadoraCustos.API.csproj" />
  <Project Path="CalculadoraCustos.Application/CalculadoraCustos.Application.csproj" />
  <Project Path="CalculadoraCustos.Domain/CalculadoraCustos.Domain.csproj" />
  <Project Path="CalculadoraCustos.Infrastructure/CalculadoraCustos.Infrastructure.csproj" />
  <Project Path="CalculadoraCustos.Tests/CalculadoraCustos.Tests.csproj" Id="07b6837f-d824-478c-97dd-ff6dec24e9c1" />
</Solution>
